fastapi==0.115.0 \
    --hash=sha256:17ea427674467486e997206a5ab25760f6b09e069f099b96f5b55a32fb6f1631 \
    --hash=sha256:f93b4ca3529a8ebc6fc3fcf710e5efa8de3df9b41570958abf1d97d843138004
uvicorn==0.27.0 \
    --hash=sha256:890b00f6c537d58695d3bb1f28e23db9d9e7a17cbcc76d7457c499935f933e24 \
    --hash=sha256:c855578045d45625fd027367f7653d249f7c49f9361ba15cf9624186b26b8eb6
pydantic==2.10.3 \
    --hash=sha256:be04d85bbc7b65651c5f8e6b9976ed9c6f41782a55524cef079a34a0bb82144d \
    --hash=sha256:cb5ac360ce894ceacd69c403187900a02c4b20b693a9dd1d643e1effab9eadf9
httpx==0.26.0 \
    --hash=sha256:8915f5a3627c4d47b73e8202457cb28f1266982d1159bd5779d86a80c0eab1cd \
    --hash=sha256:451b55c30d5185ea6b23c2c793abf9bb237d2a7dfb901ced6ff69ad37ec1dfaf
python-dateutil==2.8.2 \
    --hash=sha256:961d03dc3453ebbc59dbdea9e4e11c5651520a876d0f4db161e8674aae935da9 \
    --hash=sha256:0123cacc1627ae19ddf3c27a5de5bd67ee4586fbdd6440d9748f8abb483d3e86
agent-primitives==0.1.0 \
    --hash=sha256:87c6e3da9aa7fbb0ee714ae2250447c287ae9451810083b28fa47c394c23720b \
    --hash=sha256:62b5e555011c43bf6f7a33609af567534d3619d8373942c65479c276bdf36a17
