# Nexus Cloud Board API
# Requirements for the Agent Trust Exchange

# Web Framework
fastapi==0.115.0 \
    --hash=sha256:17ea427674467486e997206a5ab25760f6b09e069f099b96f5b55a32fb6f1631 \
    --hash=sha256:f93b4ca3529a8ebc6fc3fcf710e5efa8de3df9b41570958abf1d97d843138004
uvicorn[standard]==0.27.1

# Async HTTP
aiohttp==3.13.3 \
    --hash=sha256:d5a372fd5afd301b3a89582817fdcdb6c34124787c70dbcc616f259013e7eef7 \
    --hash=sha256:147e422fd1223005c22b4fe080f5d93ced44460f5f9c105406b753612b587821 \
    --hash=sha256:859bd3f2156e81dd01432f5849fc73e2243d4a487c4fd26609b1299534ee1845 \
    --hash=sha256:dca68018bf48c251ba17c72ed479f4dafe9dbd5a73707ad8d28a38d11f3d42af \
    --hash=sha256:fee0c6bc7db1de362252affec009707a17478a00ec69f797d23ca256e36d5940 \
    --hash=sha256:c048058117fd649334d81b4b526e94bde3ccaddb20463a815ced6ecbb7d11160 \
    --hash=sha256:215a685b6fbbfcf71dfe96e3eba7a6f58f10da1dfdf4889c7dd856abe430dca7 \
    --hash=sha256:de2c184bb1fe2cbd2cefba613e9db29a5ab559323f994b6737e370d3da0ac455 \
    --hash=sha256:75ca857eba4e20ce9f546cd59c7007b33906a4cd48f2ff6ccf1ccfc3b646f279 \
    --hash=sha256:81e97251d9298386c2b7dbeb490d3d1badbdc69107fb8c9299dd04eb39bddc0e \
    --hash=sha256:c0e2d366af265797506f0283487223146af57815b388623f0357ef7eac9b209d \
    --hash=sha256:4e239d501f73d6db1522599e14b9b321a7e3b1de66ce33d53a765d975e9f4808 \
    --hash=sha256:0db318f7a6f065d84cb1e02662c526294450b314a02bd9e2a8e67f0d8564ce40 \
    --hash=sha256:bfc1cc2fe31a6026a8a88e4ecfb98d7f6b1fec150cfd708adbfd1d2f42257c29 \
    --hash=sha256:af71fff7bac6bb7508956696dce8f6eec2bbb045eceb40343944b1ae62b5ef11 \
    --hash=sha256:37da61e244d1749798c151421602884db5270faf479cf0ef03af0ff68954c9dd \
    --hash=sha256:7e63f210bc1b57ef699035f2b4b6d9ce096b5914414a49b0997c839b2bd2223c \
    --hash=sha256:5b6073099fb654e0a068ae678b10feff95c5cae95bbfcbfa7af669d361a8aa6b \
    --hash=sha256:1cb93e166e6c28716c8c6aeb5f99dfb6d5ccf482d29fe9bf9a794110e6d0ab64 \
    --hash=sha256:28e027cf2f6b641693a09f631759b4d9ce9165099d2b5d92af9bd4e197690eea \
    --hash=sha256:3b61b7169ababd7802f9568ed96142616a9118dd2be0d1866e920e77ec8fa92a \
    --hash=sha256:80dd4c21b0f6237676449c6baaa1039abae86b91636b6c91a7f8e61c87f89540 \
    --hash=sha256:65d2ccb7eabee90ce0503c17716fc77226be026dcc3e65cce859a30db715025b \
    --hash=sha256:5b179331a481cb5529fca8b432d8d3c7001cb217513c94cd72d668d1248688a3 \
    --hash=sha256:9d4c940f02f49483b18b079d1c27ab948721852b281f8b015c058100e9421dd1 \
    --hash=sha256:f9444f105664c4ce47a2a7171a2418bce5b7bae45fb610f4e2c36045d85911d3 \
    --hash=sha256:694976222c711d1d00ba131904beb60534f93966562f64440d0c9d41b8cdb440 \
    --hash=sha256:f33ed1a2bf1997a36661874b017f5c4b760f41266341af36febaf271d179f6d7 \
    --hash=sha256:e636b3c5f61da31a92bf0d91da83e58fdfa96f178ba682f11d24f31944cdd28c \
    --hash=sha256:5d2d94f1f5fcbe40838ac51a6ab5704a6f9ea42e72ceda48de5e6b898521da51 \
    --hash=sha256:2be0e9ccf23e8a94f6f0650ce06042cefc6ac703d0d7ab6c7a917289f2539ad4 \
    --hash=sha256:9af5e68ee47d6534d36791bbe9b646d2a7c7deb6fc24d7943628edfbb3581f29 \
    --hash=sha256:a2212ad43c0833a873d0fb3c63fa1bacedd4cf6af2fee62bf4b739ceec3ab239 \
    --hash=sha256:642f752c3eb117b105acbd87e2c143de710987e09860d674e068c4c2c441034f \
    --hash=sha256:b903a4dfee7d347e2d87697d0713be59e0b87925be030c9178c5faa58ea58d5c \
    --hash=sha256:a45530014d7a1e09f4a55f4f43097ba0fd155089372e105e4bff4ca76cb1b168 \
    --hash=sha256:27234ef6d85c914f9efeb77ff616dbf4ad2380be0cda40b4db086ffc7ddd1b7d \
    --hash=sha256:d32764c6c9aafb7fb55366a224756387cd50bfa720f32b88e0e6fa45b27dcf29 \
    --hash=sha256:b1a6102b4d3ebc07dad44fbf07b45bb600300f15b552ddf1851b5390202ea2e3 \
    --hash=sha256:c014c7ea7fb775dd015b2d3137378b7be0249a448a1612268b5a90c2d81de04d \
    --hash=sha256:2b8d8ddba8f95ba17582226f80e2de99c7a7948e66490ef8d947e272a93e9463 \
    --hash=sha256:9ae8dd55c8e6c4257eae3a20fd2c8f41edaea5992ed67156642493b8daf3cecc \
    --hash=sha256:01ad2529d4b5035578f5081606a465f3b814c542882804e2e8cda61adf5c71bf \
    --hash=sha256:bb4f7475e359992b580559e008c598091c45b5088f28614e855e42d39c2f1033 \
    --hash=sha256:c19b90316ad3b24c69cd78d5c9b4f3aa4497643685901185b65166293d36a00f \
    --hash=sha256:96d604498a7c782cb15a51c406acaea70d8c027ee6b90c569baa6e7b93073679 \
    --hash=sha256:084911a532763e9d3dd95adf78a78f4096cd5f58cdc18e6fdbc1b58417a45423 \
    --hash=sha256:7a4a94eb787e606d0a09404b9c38c113d3b099d508021faa615d70a0131907ce \
    --hash=sha256:87797e645d9d8e222e04160ee32aa06bc5c163e8499f24db719e7852ec23093a \
    --hash=sha256:b04be762396457bef43f3597c991e192ee7da460a4953d7e647ee4b1c28e7046 \
    --hash=sha256:e3531d63d3bdfa7e3ac5e9b27b2dd7ec9df3206a98e0b3445fa906f233264c57 \
    --hash=sha256:5dff64413671b0d3e7d5918ea490bdccb97a4ad29b3f311ed423200b2203e01c \
    --hash=sha256:87b9aab6d6ed88235aa2970294f496ff1a1f9adcd724d800e9b952395a80ffd9 \
    --hash=sha256:425c126c0dc43861e22cb1c14ba4c8e45d09516d0a3ae0a3f7494b79f5f233a3 \
    --hash=sha256:7f9120f7093c2a32d9647abcaf21e6ad275b4fbec5b55969f978b1a97c7c86bf \
    --hash=sha256:697753042d57f4bf7122cab985bf15d0cef23c770864580f5af4f52023a56bd6 \
    --hash=sha256:6de499a1a44e7de70735d0b39f67c8f25eb3d91eb3103be99ca0fa882cdd987d \
    --hash=sha256:37239e9f9a7ea9ac5bf6b92b0260b01f8a22281996da609206a84df860bc1261 \
    --hash=sha256:f76c1e3fe7d7c8afad7ed193f89a292e1999608170dcc9751a7462a87dfd5bc0 \
    --hash=sha256:fc290605db2a917f6e81b0e1e0796469871f5af381ce15c604a3c5c7e51cb730 \
    --hash=sha256:4021b51936308aeea0367b8f006dc999ca02bc118a0cc78c303f50a2ff6afb91 \
    --hash=sha256:49a03727c1bba9a97d3e93c9f93ca03a57300f484b6e935463099841261195d3 \
    --hash=sha256:3d9908a48eb7416dc1f4524e69f1d32e5d90e3981e4e37eb0aa1cd18f9cfa2a4 \
    --hash=sha256:2712039939ec963c237286113c68dbad80a82a4281543f3abf766d9d73228998 \
    --hash=sha256:7bfdc049127717581866fa4708791220970ce291c23e28ccf3922c700740fdc0 \
    --hash=sha256:8057c98e0c8472d8846b9c79f56766bcc57e3e8ac7bfd510482332366c56c591 \
    --hash=sha256:1449ceddcdbcf2e0446957863af03ebaaa03f94c090f945411b61269e2cb5daf \
    --hash=sha256:693781c45a4033d31d4187d2436f5ac701e7bbfe5df40d917736108c1cc7436e \
    --hash=sha256:ea37047c6b367fd4bd632bff8077449b8fa034b69e812a18e0132a00fae6e808 \
    --hash=sha256:6fc0e2337d1a4c3e6acafda6a78a39d4c14caea625124817420abceed36e2415 \
    --hash=sha256:c685f2d80bb67ca8c3837823ad76196b3694b0159d232206d1e461d3d434666f \
    --hash=sha256:48e377758516d262bde50c2584fc6c578af272559c409eecbdd2bae1601184d6 \
    --hash=sha256:34749271508078b261c4abb1767d42b8d0c0cc9449c73a4df494777dc55f0687 \
    --hash=sha256:82611aeec80eb144416956ec85b6ca45a64d76429c1ed46ae1b5f86c6e0c9a26 \
    --hash=sha256:2fff83cfc93f18f215896e3a190e8e5cb413ce01553901aca925176e7568963a \
    --hash=sha256:bbe7d4cecacb439e2e2a8a1a7b935c25b812af7a5fd26503a66dadf428e79ec1 \
    --hash=sha256:b928f30fe49574253644b1ca44b1b8adbd903aa0da4b9054a6c20fc7f4092a25 \
    --hash=sha256:7b5e8fe4de30df199155baaf64f2fcd604f4c678ed20910db8e2c66dc4b11603 \
    --hash=sha256:8542f41a62bcc58fc7f11cf7c90e0ec324ce44950003feb70640fc2a9092c32a \
    --hash=sha256:5e1d8c8b8f1d91cd08d8f4a3c2b067bfca6ec043d3ff36de0f3a715feeedf926 \
    --hash=sha256:90455115e5da1c3c51ab619ac57f877da8fd6d73c05aacd125c5ae9819582aba \
    --hash=sha256:042e9e0bcb5fba81886c8b4fbb9a09d6b8a00245fd8d88e4d989c1f96c74164c \
    --hash=sha256:2eb752b102b12a76ca02dff751a801f028b4ffbbc478840b473597fc91a9ed43 \
    --hash=sha256:05861afbbec40650d8a07ea324367cb93e9e8cc7762e04dd4405df99fa65159c \
    --hash=sha256:2fc82186fadc4a8316768d61f3722c230e2c1dcab4200d52d2ebdf2482e47592 \
    --hash=sha256:0add0900ff220d1d5c5ebbf99ed88b0c1bbf87aa7e4262300ed1376a6b13414f \
    --hash=sha256:568f416a4072fbfae453dcf9a99194bbb8bdeab718e08ee13dfa2ba0e4bebf29 \
    --hash=sha256:add1da70de90a2569c5e15249ff76a631ccacfe198375eead4aadf3b8dc849dc \
    --hash=sha256:10b47b7ba335d2e9b1239fa571131a87e2d8ec96b333e68b2a305e7a98b0bae2 \
    --hash=sha256:3dd4dce1c718e38081c8f35f323209d4c1df7d4db4bab1b5c88a6b4d12b74587 \
    --hash=sha256:34bac00a67a812570d4a460447e1e9e06fae622946955f939051e7cc895cfab8 \
    --hash=sha256:a19884d2ee70b06d9204b2727a7b9f983d0c684c650254679e716b0b77920632 \
    --hash=sha256:5f8ca7f2bb6ba8348a3614c7918cc4bb73268c5ac2a207576b7afea19d3d9f64 \
    --hash=sha256:b0d95340658b9d2f11d9697f59b3814a9d3bb4b7a7c20b131df4bcef464037c0 \
    --hash=sha256:a1e53262fd202e4b40b70c3aff944a8155059beedc8a89bba9dc1f9ef06a1b56 \
    --hash=sha256:d60ac9663f44168038586cab2157e122e46bdef09e9368b37f2d82d354c23f72 \
    --hash=sha256:90751b8eed69435bac9ff4e3d2f6b3af1f57e37ecb0fbeee59c0174c9e2d41df \
    --hash=sha256:fc353029f176fd2b3ec6cfc71be166aba1936fe5d73dd1992ce289ca6647a9aa \
    --hash=sha256:2e41b18a58da1e474a057b3d35248d8320029f61d70a37629535b16a0c8f3767 \
    --hash=sha256:44531a36aa2264a1860089ffd4dce7baf875ee5a6079d5fb42e261c704ef7344 \
    --hash=sha256:b556c85915d8efaed322bf1bdae9486aa0f3f764195a0fb6ee962e5c71ef5ce1 \
    --hash=sha256:9bf9f7a65e7aa20dd764151fb3d616c81088f91f8df39c3893a536e279b4b984 \
    --hash=sha256:31a83ea4aead760dfcb6962efb1d861db48c34379f2ff72db9ddddd4cda9ea2e \
    --hash=sha256:988a8c5e317544fdf0d39871559e67b6341065b87fceac641108c2096d5506b7 \
    --hash=sha256:9b174f267b5cfb9a7dba9ee6859cecd234e9a681841eb85068059bc867fb8f02 \
    --hash=sha256:947c26539750deeaee933b000fb6517cc770bbd064bad6033f1cff4803881e43 \
    --hash=sha256:9ebf57d09e131f5323464bd347135a88622d1c0976e88ce15b670e7ad57e4bd6 \
    --hash=sha256:4ae5b5a0e1926e504c81c5b84353e7a5516d8778fbbff00429fe7b05bb25cbce \
    --hash=sha256:2ba0eea45eb5cc3172dbfc497c066f19c41bac70963ea1a67d51fc92e4cf9a80 \
    --hash=sha256:bae5c2ed2eae26cc382020edad80d01f36cb8e746da40b292e68fec40421dc6a \
    --hash=sha256:8a60e60746623925eab7d25823329941aee7242d559baa119ca2b253c88a7bd6 \
    --hash=sha256:e50a2e1404f063427c9d027378472316201a2290959a295169bcf25992d04558 \
    --hash=sha256:9a9dc347e5a3dc7dfdbc1f82da0ef29e388ddb2ed281bfce9dd8248a313e62b7 \
    --hash=sha256:b46020d11d23fe16551466c77823df9cc2f2c1e63cc965daf67fa5eec6ca1877 \
    --hash=sha256:69c56fbc1993fa17043e24a546959c0178fe2b5782405ad4559e6c13975c15e3 \
    --hash=sha256:b99281b0704c103d4e11e72a76f1b543d4946fea7dd10767e7e1b5f00d4e5704 \
    --hash=sha256:40c5e40ecc29ba010656c18052b877a1c28f84344825efa106705e835c28530f \
    --hash=sha256:56339a36b9f1fc708260c76c87e593e2afb30d26de9ae1eb445b5e051b98a7a1 \
    --hash=sha256:c6b8568a3bb5819a0ad087f16d40e5a3fb6099f39ea1d5625a3edc1e923fc538 \
    --hash=sha256:a949eee43d3782f2daae4f4a2819b2cb9b0c5d3b7f7a927067cc84dafdbb9f88
httpx==0.27.0 \
    --hash=sha256:71d5465162c13681bff01ad59b2cc68dd838ea1f10e51574bac27103f00c91a5 \
    --hash=sha256:a0cb88a46f32dc874e04ee956e4c2764aba2aa228f650b06788ba6bda2962ab5

# Data Validation
pydantic==2.10.3 \
    --hash=sha256:be04d85bbc7b65651c5f8e6b9976ed9c6f41782a55524cef079a34a0bb82144d \
    --hash=sha256:cb5ac360ce894ceacd69c403187900a02c4b20b693a9dd1d643e1effab9eadf9

# Database (production)
# asyncpg>=0.29.0
# sqlalchemy[asyncio]>=2.0.0
# alembic>=1.13.0

# Caching
# redis>=5.0.0
# aiocache>=0.12.0

# Cryptography
cryptography==46.0.5 \
    --hash=sha256:351695ada9ea9618b3500b490ad54c739860883df6c1f555e088eaf25b1bbaad \
    --hash=sha256:c18ff11e86df2e28854939acde2d003f7984f721eba450b56a200ad90eeb0e6b \
    --hash=sha256:4d7e3d356b8cd4ea5aff04f129d5f66ebdc7b6f8eae802b93739ed520c47c79b \
    --hash=sha256:50bfb6925eff619c9c023b967d5b77a54e04256c4281b0e21336a130cd7fc263 \
    --hash=sha256:803812e111e75d1aa73690d2facc295eaefd4439be1023fefc4995eaea2af90d \
    --hash=sha256:3ee190460e2fbe447175cda91b88b84ae8322a104fc27766ad09428754a618ed \
    --hash=sha256:f145bba11b878005c496e93e257c1e88f154d278d2638e6450d17e0f31e558d2 \
    --hash=sha256:e9251e3be159d1020c4030bd2e5f84d6a43fe54b6c19c12f51cde9542a2817b2 \
    --hash=sha256:47fb8a66058b80e509c47118ef8a75d14c455e81ac369050f20ba0d23e77fee0 \
    --hash=sha256:4c3341037c136030cb46e4b1e17b7418ea4cbd9dd207e4a6f3b2b24e0d4ac731 \
    --hash=sha256:890bcb4abd5a2d3f852196437129eb3667d62630333aacc13dfd470fad3aaa82 \
    --hash=sha256:80a8d7bfdf38f87ca30a5391c0c9ce4ed2926918e017c29ddf643d0ed2778ea1 \
    --hash=sha256:60ee7e19e95104d4c03871d7d7dfb3d22ef8a9b9c6778c94e1c8fcc8365afd48 \
    --hash=sha256:38946c54b16c885c72c4f59846be9743d699eee2b69b6988e0a00a01f46a61a4 \
    --hash=sha256:94a76daa32eb78d61339aff7952ea819b1734b46f73646a07decb40e5b3448e2 \
    --hash=sha256:5be7bf2fb40769e05739dd0046e7b26f9d4670badc7b032d6ce4db64dddc0678 \
    --hash=sha256:fe346b143ff9685e40192a4960938545c699054ba11d4f9029f94751e3f71d87 \
    --hash=sha256:c69fd885df7d089548a42d5ec05be26050ebcd2283d89b3d30676eb32ff87dee \
    --hash=sha256:8293f3dea7fc929ef7240796ba231413afa7b68ce38fd21da2995549f5961981 \
    --hash=sha256:1abfdb89b41c3be0365328a410baa9df3ff8a9110fb75e7b52e66803ddabc9a9 \
    --hash=sha256:d66e421495fdb797610a08f43b05269e0a5ea7f5e652a89bfd5a7d3c1dee3648 \
    --hash=sha256:4e817a8920bfbcff8940ecfd60f23d01836408242b30f1a708d93198393a80b4 \
    --hash=sha256:68f68d13f2e1cb95163fa3b4db4bf9a159a418f5f6e7242564fc75fcae667fd0 \
    --hash=sha256:a3d1fae9863299076f05cb8a778c467578262fae09f9dc0ee9b12eb4268ce663 \
    --hash=sha256:c4143987a42a2397f2fc3b4d7e3a7d313fbe684f67ff443999e803dd75a76826 \
    --hash=sha256:7d731d4b107030987fd61a7f8ab512b25b53cef8f233a97379ede116f30eb67d \
    --hash=sha256:c3bcce8521d785d510b2aad26ae2c966092b7daa8f45dd8f44734a104dc0bc1a \
    --hash=sha256:4d8ae8659ab18c65ced284993c2265910f6c9e650189d4e3f68445ef82a810e4 \
    --hash=sha256:4108d4c09fbbf2789d0c926eb4152ae1760d5a2d97612b92d508d96c861e4d31 \
    --hash=sha256:7d1f30a86d2757199cb2d56e48cce14deddf1f9c95f1ef1b64ee91ea43fe2e18 \
    --hash=sha256:039917b0dc418bb9f6edce8a906572d69e74bd330b0b3fea4f79dab7f8ddd235 \
    --hash=sha256:ba2a27ff02f48193fc4daeadf8ad2590516fa3d0adeeb34336b96f7fa64c1e3a \
    --hash=sha256:61aa400dce22cb001a98014f647dc21cda08f7915ceb95df0c9eaf84b4b6af76 \
    --hash=sha256:3ce58ba46e1bc2aac4f7d9290223cead56743fa6ab94a5d53292ffaac6a91614 \
    --hash=sha256:420d0e909050490d04359e7fdb5ed7e667ca5c3c402b809ae2563d7e66a92229 \
    --hash=sha256:582f5fcd2afa31622f317f80426a027f30dc792e9c80ffee87b993200ea115f1 \
    --hash=sha256:bfd56bb4b37ed4f330b82402f6f435845a5f5648edf1ad497da51a8452d5d62d \
    --hash=sha256:a3d507bb6a513ca96ba84443226af944b0f7f47dcc9a399d110cd6146481d24c \
    --hash=sha256:9f16fbdf4da055efb21c22d81b89f155f02ba420558db21288b3d0035bafd5f4 \
    --hash=sha256:ced80795227d70549a411a4ab66e8ce307899fad2220ce5ab2f296e687eacde9 \
    --hash=sha256:02f547fce831f5096c9a567fd41bc12ca8f11df260959ecc7c3202555cc47a72 \
    --hash=sha256:556e106ee01aa13484ce9b0239bca667be5004efb0aabbed28d353df86445595 \
    --hash=sha256:3b4995dc971c9fb83c25aa44cf45f02ba86f71ee600d81091c2f0cbae116b06c \
    --hash=sha256:bc84e875994c3b445871ea7181d424588171efec3e185dced958dad9e001950a \
    --hash=sha256:2ae6971afd6246710480e3f15824ed3029a60fc16991db250034efd0b9fb4356 \
    --hash=sha256:d861ee9e76ace6cf36a6a89b959ec08e7bc2493ee39d07ffe5acb23ef46d27da \
    --hash=sha256:2b7a67c9cd56372f3249b39699f2ad479f6991e62ea15800973b956f4b73e257 \
    --hash=sha256:8456928655f856c6e1533ff59d5be76578a7157224dbd9ce6872f25055ab9ab7 \
    --hash=sha256:abace499247268e3757271b2f1e244b36b06f8515cf27c4d49468fc9eb16e93d
pynacl==1.6.2 \
    --hash=sha256:622d7b07cc5c02c666795792931b50c91f3ce3c2649762efb1ef0d5684c81594 \
    --hash=sha256:d071c6a9a4c94d79eb665db4ce5cedc537faf74f2355e4d502591d850d3913c0 \
    --hash=sha256:fe9847ca47d287af41e82be1dd5e23023d3c31a951da134121ab02e42ac218c9 \
    --hash=sha256:04316d1fc625d860b6c162fff704eb8426b1a8bcd3abacea11142cbd99a6b574 \
    --hash=sha256:44081faff368d6c5553ccf55322ef2819abb40e25afaec7e740f159f74813634 \
    --hash=sha256:a9f9932d8d2811ce1a8ffa79dcbdf3970e7355b5c8eb0c1a881a57e7f7d96e88 \
    --hash=sha256:bc4a36b28dd72fb4845e5d8f9760610588a96d5a51f01d84d8c6ff9849968c14 \
    --hash=sha256:3bffb6d0f6becacb6526f8f42adfb5efb26337056ee0831fb9a7044d1a964444 \
    --hash=sha256:2fef529ef3ee487ad8113d287a593fa26f48ee3620d92ecc6f1d09ea38e0709b \
    --hash=sha256:a84bf1c20339d06dc0c85d9aea9637a24f718f375d861b2668b2f9f96fa51145 \
    --hash=sha256:320ef68a41c87547c91a8b58903c9caa641ab01e8512ce291085b5fe2fcb7590 \
    --hash=sha256:d29bfe37e20e015a7d8b23cfc8bd6aa7909c92a1b8f41ee416bbb3e79ef182b2 \
    --hash=sha256:c949ea47e4206af7c8f604b8278093b674f7c79ed0d4719cc836902bf4517465 \
    --hash=sha256:8845c0631c0be43abdd865511c41eab235e0be69c81dc66a50911594198679b0 \
    --hash=sha256:22de65bb9010a725b0dac248f353bb072969c94fa8d6b1f34b87d7953cf7bbe4 \
    --hash=sha256:46065496ab748469cdd999246d17e301b2c24ae2fdf739132e580a0e94c94a87 \
    --hash=sha256:8a66d6fb6ae7661c58995f9c6435bda2b1e68b54b598a6a10247bfcdadac996c \
    --hash=sha256:26bfcd00dcf2cf160f122186af731ae30ab120c18e8375684ec2670dccd28130 \
    --hash=sha256:c8a231e36ec2cab018c4ad4358c386e36eede0319a0c41fed24f840b1dac59f6 \
    --hash=sha256:68be3a09455743ff9505491220b64440ced8973fe930f270c8e07ccfa25b1f9e \
    --hash=sha256:8b097553b380236d51ed11356c953bf8ce36a29a3e596e934ecabe76c985a577 \
    --hash=sha256:5811c72b473b2f38f7e2a3dc4f8642e3a3e9b5e7317266e4ced1fba85cae41aa \
    --hash=sha256:62985f233210dee6548c223301b6c25440852e13d59a8b81490203c3227c5ba0 \
    --hash=sha256:834a43af110f743a754448463e8fd61259cd4ab5bbedcf70f9dabad1d28a394c \
    --hash=sha256:018494d6d696ae03c7e656e5e74cdfd8ea1326962cc401bcf018f1ed8436811c

# Observability
opentelemetry-api==1.29.0 \
    --hash=sha256:5fcd94c4141cc49c736271f3e1efb777bebe9cc535759c54c936cca4f1b312b8 \
    --hash=sha256:d04a6cf78aad09614f52964ecb38021e248f5714dc32c2e0d8fd99517b4d69cf
opentelemetry-sdk==1.29.0 \
    --hash=sha256:173be3b5d3f8f7d671f20ea37056710217959e774e2749d984355d1f9391a30a \
    --hash=sha256:b0787ce6aade6ab84315302e72bd7a7f2f014b0fb1b7c3295b88afe014ed0643
opentelemetry-instrumentation-fastapi==0.50b0 \
    --hash=sha256:8f03b738495e4705fbae51a2826389c7369629dace89d0f291c06ffefdff5e52 \
    --hash=sha256:16b9181682136da210295def2bb304a32fb9bdee9a935cdc9da43567f7c1149e
structlog==24.4.0 \
    --hash=sha256:597f61e80a91cc0749a9fd2a098ed76715a1c8a01f73e336b746504d1aad7610 \
    --hash=sha256:b27bfecede327a6d2da5fbc96bd859f114ecc398a6389d664f62085ee7ae6fc4

# Testing
pytest==8.4.1 \
    --hash=sha256:539c70ba6fcead8e78eebbf1115e8b589e7565830d7d006a8723f19ac8a0afb7 \
    --hash=sha256:7c67fd69174877359ed9371ec3af8a3d2b04741818c51e5e99cc1742251fa93c
pytest-asyncio==1.1.0 \
    --hash=sha256:5fe2d69607b0bd75c656d1211f969cadba035030156745ee09e7d71740e58ecf \
    --hash=sha256:796aa822981e01b68c12e4827b8697108f7205020f24b5793b3c41555dab68ea
pytest-cov==5.0.0 \
    --hash=sha256:4f0764a1219df53214206bf1feea4633c3b558a2925c8b59f144f682861ce652 \
    --hash=sha256:5837b58e9f6ebd335b0f8060eecce69b662415b16dc503883a02f45dfeb14857

# Development
black==24.10.0 \
    --hash=sha256:e6668650ea4b685440857138e5fe40cde4d652633b1bdffc62933d0db4ed9812 \
    --hash=sha256:1c536fcf674217e87b8cc3657b81809d3c085d7bf3ef262ead700da345bfa6ea \
    --hash=sha256:649fff99a20bd06c6f727d2a27f401331dc0cc861fb69cde910fe95b01b5928f \
    --hash=sha256:fe4d6476887de70546212c99ac9bd803d90b42fc4767f058a0baa895013fbb3e \
    --hash=sha256:5a2221696a8224e335c28816a9d331a6c2ae15a2ee34ec857dcf3e45dbfa99ad \
    --hash=sha256:f9da3333530dbcecc1be13e69c250ed8dfa67f43c4005fb537bb426e19200d50 \
    --hash=sha256:4007b1393d902b48b36958a216c20c4482f601569d19ed1df294a496eb366392 \
    --hash=sha256:394d4ddc64782e51153eadcaaca95144ac4c35e27ef9b0a42e121ae7e57a9175 \
    --hash=sha256:b5e39e0fae001df40f95bd8cc36b9165c5e2ea88900167bddf258bacef9bbdc3 \
    --hash=sha256:d37d422772111794b26757c5b55a3eade028aa3fde43121ab7b673d050949d65 \
    --hash=sha256:14b3502784f09ce2443830e3133dacf2c0110d45191ed470ecb04d0f5f6fcb0f \
    --hash=sha256:30d2c30dc5139211dda799758559d1b049f7f14c580c409d6ad925b74a4208a8 \
    --hash=sha256:1cbacacb19e922a1d75ef2b6ccaefcd6e93a2c05ede32f06a21386a04cedb981 \
    --hash=sha256:1f93102e0c5bb3907451063e08b9876dbeac810e7da5a8bfb7aeb5a9ef89066b \
    --hash=sha256:ddacb691cdcdf77b96f549cf9591701d8db36b2f19519373d60d31746068dbf2 \
    --hash=sha256:680359d932801c76d2e9c9068d05c6b107f2584b2a5b88831c83962eb9984c1b \
    --hash=sha256:17374989640fbca88b6a448129cd1745c5eb8d9547b464f281b251dd00155ccd \
    --hash=sha256:63f626344343083322233f175aaf372d326de8436f5928c042639a4afbbf1d3f \
    --hash=sha256:ccfa1d0cb6200857f1923b602f978386a3a2758a65b52e0950299ea014be6800 \
    --hash=sha256:2cd9c95431d94adc56600710f8813ee27eea544dd118d45896bb734e9d7a0dc7 \
    --hash=sha256:3bb2b7a1f7b685f85b11fed1ef10f8a9148bceb49853e47a294a3dd963c1dd7d \
    --hash=sha256:846ea64c97afe3bc677b761787993be4991810ecc7a4a937816dd6bddedc4875
ruff==0.12.4 \
    --hash=sha256:cb0d261dac457ab939aeb247e804125a5d521b21adf27e721895b0d3f83a0d0a \
    --hash=sha256:55c0f4ca9769408d9b9bac530c30d3e66490bd2beb2d3dae3e4128a1f05c7442 \
    --hash=sha256:a8224cc3722c9ad9044da7f89c4c1ec452aef2cfe3904365025dd2f51daeae0e \
    --hash=sha256:e9949d01d64fa3672449a51ddb5d7548b33e130240ad418884ee6efa7a229586 \
    --hash=sha256:be0593c69df9ad1465e8a2d10e3defd111fdb62dcd5be23ae2c06da77e8fcffb \
    --hash=sha256:a7dea966bcb55d4ecc4cc3270bccb6f87a337326c9dcd3c07d5b97000dbff41c \
    --hash=sha256:c057ce464b1413c926cdb203a0f858cd52f3e73dcb3270a3318d1630f6395bb3 \
    --hash=sha256:afcfa3ab5ab5dd0e1c39bf286d829e042a15e966b3726eea79528e2e24d8371a \
    --hash=sha256:e64b90d1122dc2713330350626b10d60818930819623abbb56535c6466cce045 \
    --hash=sha256:2abc48f3d9667fdc74022380b5c745873499ff827393a636f7a59da1515e7c57 \
    --hash=sha256:2b2449dc0c138d877d629bea151bee8c0ae3b8e9c43f5fcaafcd0c0d0726b184 \
    --hash=sha256:56e45bb11f625db55f9b70477062e6a1a04d53628eda7784dce6e0f55fd549eb \
    --hash=sha256:478fccdb82ca148a98a9ff43658944f7ab5ec41c3c49d77cd99d44da019371a1 \
    --hash=sha256:0fc426bec2e4e5f4c4f182b9d2ce6a75c85ba9bcdbe5c6f2a74fcb8df437df4b \
    --hash=sha256:4de27977827893cdfb1211d42d84bc180fceb7b72471104671c59be37041cf93 \
    --hash=sha256:fe0b9e9eb23736b453143d72d2ceca5db323963330d5b7859d60d101147d461a \
    --hash=sha256:0618ec4442a83ab545e5b71202a5c0ed7791e8471435b94e655b570a5031a98e \
    --hash=sha256:13efa16df6c6eeb7d0f091abae50f58e9522f3843edb40d56ad52a5a4a4b6873
mypy==1.14.0 \
    --hash=sha256:e971c1c667007f9f2b397ffa80fa8e1e0adccff336e5e77e74cb5f22868bee87 \
    --hash=sha256:e86aaeaa3221a278c66d3d673b297232947d873773d61ca3ee0e28b2ff027179 \
    --hash=sha256:1628c5c3ce823d296e41e2984ff88c5861499041cb416a8809615d0c1f41740e \
    --hash=sha256:7fadb29b77fc14a0dd81304ed73c828c3e5cde0016c7e668a86a3e0dfc9f3af3 \
    --hash=sha256:3fa76988dc760da377c1e5069200a50d9eaaccf34f4ea18428a3337034ab5a44 \
    --hash=sha256:6e73c8a154eed31db3445fe28f63ad2d97b674b911c00191416cf7f6459fd49a \
    --hash=sha256:273e70fcb2e38c5405a188425aa60b984ffdcef65d6c746ea5813024b68c73dc \
    --hash=sha256:1daca283d732943731a6a9f20fdbcaa927f160bc51602b1d4ef880a6fb252015 \
    --hash=sha256:7e68047bedb04c1c25bba9901ea46ff60d5eaac2d71b1f2161f33107e2b368eb \
    --hash=sha256:7a52f26b9c9b1664a60d87675f3bae00b5c7f2806e0c2800545a32c325920bcc \
    --hash=sha256:d5326ab70a6db8e856d59ad4cb72741124950cbbf32e7b70e30166ba7bbf61dd \
    --hash=sha256:bf4ec4980bec1e0e24e5075f449d014011527ae0055884c7e3abc6a99cd2c7f1 \
    --hash=sha256:390dfb898239c25289495500f12fa73aa7f24a4c6d90ccdc165762462b998d63 \
    --hash=sha256:7e026d55ddcd76e29e87865c08cbe2d0104e2b3153a523c529de584759379d3d \
    --hash=sha256:585ed36031d0b3ee362e5107ef449a8b5dfd4e9c90ccbe36414ee405ee6b32ba \
    --hash=sha256:e9f6f4c0b27401d14c483c622bc5105eff3911634d576bbdf6695b9a7c1ba741 \
    --hash=sha256:56b2280cedcb312c7a79f5001ae5325582d0d339bce684e4a529069d0e7ca1e7 \
    --hash=sha256:342de51c48bab326bfc77ce056ba08c076d82ce4f5a86621f972ed39970f94d8 \
    --hash=sha256:00df23b42e533e02a6f0055e54de9a6ed491cd8b7ea738647364fd3a39ea7efc \
    --hash=sha256:e8c8387e5d9dff80e7daf961df357c80e694e942d9755f3ad77d69b0957b8e3f \
    --hash=sha256:0b16738b1d80ec4334654e89e798eb705ac0c36c8a5c4798496cd3623aa02286 \
    --hash=sha256:10065fcebb7c66df04b05fc799a854b1ae24d9963c8bb27e9064a9bdb43aa8ad \
    --hash=sha256:fbb7d683fa6bdecaa106e8368aa973ecc0ddb79a9eaeb4b821591ecd07e9e03c \
    --hash=sha256:3498cb55448dc5533e438cd13d6ddd28654559c8c4d1fd4b5ca57a31b81bac01 \
    --hash=sha256:c7b243408ea43755f3a21a0a08e5c5ae30eddb4c58a80f415ca6b118816e60aa \
    --hash=sha256:14117b9da3305b39860d0aa34b8f1ff74d209a368829a584eb77524389a9c13e \
    --hash=sha256:af98c5a958f9c37404bd4eef2f920b94874507e146ed6ee559f185b8809c44cc \
    --hash=sha256:f0b343a1d3989547024377c2ba0dca9c74a2428ad6ed24283c213af8dbb0710b \
    --hash=sha256:cdb5563c1726c85fb201be383168f8c866032db95e1095600806625b3a648cb7 \
    --hash=sha256:74e925649c1ee0a79aa7448baf2668d81cc287dc5782cff6a04ee93f40fb8d3f \
    --hash=sha256:2238d7f93fc4027ed1efc944507683df3ba406445a2b6c96e79666a045aadfab \
    --hash=sha256:822dbd184d4a9804df5a7d5335a68cf7662930e70b8c1bc976645d1509f9a9d6
