fastapi==0.115.0 \
    --hash=sha256:17ea427674467486e997206a5ab25760f6b09e069f099b96f5b55a32fb6f1631 \
    --hash=sha256:f93b4ca3529a8ebc6fc3fcf710e5efa8de3df9b41570958abf1d97d843138004
uvicorn[standard]==0.27.0
pydantic==2.10.3 \
    --hash=sha256:be04d85bbc7b65651c5f8e6b9976ed9c6f41782a55524cef079a34a0bb82144d \
    --hash=sha256:cb5ac360ce894ceacd69c403187900a02c4b20b693a9dd1d643e1effab9eadf9
pypdf==6.7.5 \
    --hash=sha256:07ba7f1d6e6d9aa2a17f5452e320a84718d4ce863367f7ede2fd72280349ab13 \
    --hash=sha256:40bb2e2e872078655f12b9b89e2f900888bb505e88a82150b64f9f34fa25651d
beautifulsoup4==4.12.2 \
    --hash=sha256:bd2520ca0d9d7d12694a53d44ac482d181b4ec1888909b035a3dbf40d0f57d4a \
    --hash=sha256:492bbc69dca35d12daac71c4db1bfff0c876c00ef4a2ffacce226d4638eb72da
lxml==5.3.0 \
    --hash=sha256:dd36439be765e2dde7660212b5275641edbc813e7b24668831a5c8ac91180656 \
    --hash=sha256:ae5fe5c4b525aa82b8076c1a59d642c17b6e8739ecf852522c6321852178119d \
    --hash=sha256:501d0d7e26b4d261fca8132854d845e4988097611ba2531408ec91cf3fd9d20a \
    --hash=sha256:fb66442c2546446944437df74379e9cf9e9db353e61301d1a0e26482f43f0dd8 \
    --hash=sha256:9e41506fec7a7f9405b14aa2d5c8abbb4dbbd09d88f9496958b6d00cb4d45330 \
    --hash=sha256:f7d4a670107d75dfe5ad080bed6c341d18c4442f9378c9f58e5851e86eb79965 \
    --hash=sha256:41ce1f1e2c7755abfc7e759dc34d7d05fd221723ff822947132dc934d122fe22 \
    --hash=sha256:44264ecae91b30e5633013fb66f6ddd05c006d3e0e884f75ce0b4755b3e3847b \
    --hash=sha256:3c174dc350d3ec52deb77f2faf05c439331d6ed5e702fc247ccb4e6b62d884b7 \
    --hash=sha256:2dfab5fa6a28a0b60a20638dc48e6343c02ea9933e3279ccb132f555a62323d8 \
    --hash=sha256:b1c8c20847b9f34e98080da785bb2336ea982e7f913eed5809e5a3c872900f32 \
    --hash=sha256:2c86bf781b12ba417f64f3422cfc302523ac9cd1d8ae8c0f92a1c66e56ef2e86 \
    --hash=sha256:c162b216070f280fa7da844531169be0baf9ccb17263cf5a8bf876fcd3117fa5 \
    --hash=sha256:36aef61a1678cb778097b4a6eeae96a69875d51d1e8f4d4b491ab3cfb54b5a03 \
    --hash=sha256:f65e5120863c2b266dbcc927b306c5b78e502c71edf3295dfcb9501ec96e5fc7 \
    --hash=sha256:ef0c1fe22171dd7c7c27147f2e9c3e86f8bdf473fed75f16b0c2e84a5030ce80 \
    --hash=sha256:052d99051e77a4f3e8482c65014cf6372e61b0a6f4fe9edb98503bb5364cfee3 \
    --hash=sha256:74bcb423462233bc5d6066e4e98b0264e7c1bed7541fff2f4e34fe6b21563c8b \
    --hash=sha256:a3d819eb6f9b8677f57f9664265d0a10dd6551d227afb4af2b9cd7bdc2ccbf18 \
    --hash=sha256:5b8f5db71b28b8c404956ddf79575ea77aa8b1538e8b2ef9ec877945b3f46442 \
    --hash=sha256:2c3406b63232fc7e9b8783ab0b765d7c59e7c59ff96759d8ef9632fca27c7ee4 \
    --hash=sha256:2ecdd78ab768f844c7a1d4a03595038c166b609f6395e25af9b0f3f26ae1230f \
    --hash=sha256:168f2dfcfdedf611eb285efac1516c8454c8c99caf271dccda8943576b67552e \
    --hash=sha256:aa617107a410245b8660028a7483b68e7914304a6d4882b5ff3d2d3eb5948d8c \
    --hash=sha256:69959bd3167b993e6e710b99051265654133a98f20cec1d9b493b931942e9c16 \
    --hash=sha256:bd96517ef76c8654446fc3db9242d019a1bb5fe8b751ba414765d59f99210b79 \
    --hash=sha256:ab6dd83b970dc97c2d10bc71aa925b84788c7c05de30241b9e96f9b6d9ea3080 \
    --hash=sha256:eec1bb8cdbba2925bedc887bc0609a80e599c75b12d87ae42ac23fd199445654 \
    --hash=sha256:6a7095eeec6f89111d03dabfe5883a1fd54da319c94e0fb104ee8f23616b572d \
    --hash=sha256:6f651ebd0b21ec65dfca93aa629610a0dbc13dbc13554f19b0113da2e61a4763 \
    --hash=sha256:f422a209d2455c56849442ae42f25dbaaba1c6c3f501d58761c619c7836642ec \
    --hash=sha256:62f7fdb0d1ed2065451f086519865b4c90aa19aed51081979ecd05a21eb4d1be \
    --hash=sha256:c6379f35350b655fd817cd0d6cbeef7f265f3ae5fedb1caae2eb442bbeae9ab9 \
    --hash=sha256:9c52100e2c2dbb0649b90467935c4b0de5528833c76a35ea1a2691ec9f1ee7a1 \
    --hash=sha256:e99f5507401436fdcc85036a2e7dc2e28d962550afe1cbfc07c40e454256a859 \
    --hash=sha256:384aacddf2e5813a36495233b64cb96b1949da72bef933918ba5c84e06af8f0e \
    --hash=sha256:874a216bf6afaf97c263b56371434e47e2c652d215788396f60477540298218f \
    --hash=sha256:65ab5685d56914b9a2a34d67dd5488b83213d680b0c5d10b47f81da5a16b0b0e \
    --hash=sha256:aac0bbd3e8dd2d9c45ceb82249e8bdd3ac99131a32b4d35c8af3cc9db1657179 \
    --hash=sha256:b369d3db3c22ed14c75ccd5af429086f166a19627e84a8fdade3f8f31426e52a \
    --hash=sha256:c24037349665434f375645fa9d1f5304800cec574d0310f618490c871fd902b3 \
    --hash=sha256:62d172f358f33a26d6b41b28c170c63886742f5b6772a42b59b4f0fa10526cb1 \
    --hash=sha256:c1f794c02903c2824fccce5b20c339a1a14b114e83b306ff11b597c5f71a1c8d \
    --hash=sha256:5d6a6972b93c426ace71e0be9a6f4b2cfae9b1baed2eed2006076a746692288c \
    --hash=sha256:3879cc6ce938ff4eb4900d901ed63555c778731a96365e53fadb36437a131a99 \
    --hash=sha256:74068c601baff6ff021c70f0935b0c7bc528baa8ea210c202e03757c68c5a4ff \
    --hash=sha256:ecd4ad8453ac17bc7ba3868371bffb46f628161ad0eefbd0a855d2c8c32dd81a \
    --hash=sha256:7e2f58095acc211eb9d8b5771bf04df9ff37d6b87618d1cbf85f92399c98dae8 \
    --hash=sha256:e63601ad5cd8f860aa99d109889b5ac34de571c7ee902d6812d5d9ddcc77fa7d \
    --hash=sha256:17e8d968d04a37c50ad9c456a286b525d78c4a1c15dd53aa46c1d8e06bf6fa30 \
    --hash=sha256:c1a69e58a6bb2de65902051d57fde951febad631a20a64572677a1052690482f \
    --hash=sha256:8c72e9563347c7395910de6a3100a4840a75a6f60e05af5e58566868d5eb2d6a \
    --hash=sha256:e92ce66cd919d18d14b3856906a61d3f6b6a8500e0794142338da644260595cd \
    --hash=sha256:1d04f064bebdfef9240478f7a779e8c5dc32b8b7b0b2fc6a62e39b928d428e51 \
    --hash=sha256:5c2fb570d7823c2bbaf8b419ba6e5662137f8166e364a8b2b91051a1fb40ab8b \
    --hash=sha256:0c120f43553ec759f8de1fee2f4794452b0946773299d44c36bfe18e83caf002 \
    --hash=sha256:562e7494778a69086f0312ec9689f6b6ac1c6b65670ed7d0267e49f57ffa08c4 \
    --hash=sha256:423b121f7e6fa514ba0c7918e56955a1d4470ed35faa03e3d9f0e3baa4c7e492 \
    --hash=sha256:c00f323cc00576df6165cc9d21a4c21285fa6b9989c5c39830c3903dc4303ef3 \
    --hash=sha256:1fdc9fae8dd4c763e8a31e7630afef517eab9f5d5d31a278df087f307bf601f4 \
    --hash=sha256:658f2aa69d31e09699705949b5fc4719cbecbd4a97f9656a232e7d6c7be1a367 \
    --hash=sha256:1473427aff3d66a3fa2199004c3e601e6c4500ab86696edffdbc84954c72d832 \
    --hash=sha256:a87de7dd873bf9a792bf1e58b1c3887b9264036629a5bf2d2e6579fe8e73edff \
    --hash=sha256:0d7b36afa46c97875303a94e8f3ad932bf78bace9e18e603f2085b652422edcd \
    --hash=sha256:cf120cce539453ae086eacc0130a324e7026113510efa83ab42ef3fcfccac7fb \
    --hash=sha256:df5c7333167b9674aa8ae1d4008fa4bc17a313cc490b2cca27838bbdcc6bb15b \
    --hash=sha256:c802e1c2ed9f0c06a65bc4ed0189d000ada8049312cfeab6ca635e39c9608957 \
    --hash=sha256:406246b96d552e0503e17a1006fd27edac678b3fcc9f1be71a2f94b4ff61528d \
    --hash=sha256:8f0de2d390af441fe8b2c12626d103540b5d850d585b18fcada58d972b74a74e \
    --hash=sha256:1afe0a8c353746e610bd9031a630a95bcfb1a720684c3f2b36c4710a0a96528f \
    --hash=sha256:56b9861a71575f5795bde89256e7467ece3d339c9b43141dbdd54544566b3b94 \
    --hash=sha256:9fb81d2824dff4f2e297a276297e9031f46d2682cafc484f49de182aa5e5df99 \
    --hash=sha256:2c226a06ecb8cdef28845ae976da407917542c5e6e75dcac7cc33eb04aaeb237 \
    --hash=sha256:7d3d1ca42870cdb6d0d29939630dbe48fa511c203724820fc0fd507b2fb46577 \
    --hash=sha256:094cb601ba9f55296774c2d57ad68730daa0b13dc260e1f941b4d13678239e70 \
    --hash=sha256:eafa2c8658f4e560b098fe9fc54539f86528651f61849b22111a9b107d18910c \
    --hash=sha256:cb83f8a875b3d9b458cada4f880fa498646874ba4011dc974e071a0a84a1b033 \
    --hash=sha256:25f1b69d41656b05885aa185f5fdf822cb01a586d1b32739633679699f220391 \
    --hash=sha256:23e0553b8055600b3bf4a00b255ec5c92e1e4aebf8c2c09334f8368e8bd174d6 \
    --hash=sha256:9ada35dd21dc6c039259596b358caab6b13f4db4d4a7f8665764d616daf9cc1d \
    --hash=sha256:81b4e48da4c69313192d8c8d4311e5d818b8be1afe68ee20f6385d0e96fc9512 \
    --hash=sha256:2bc9fd5ca4729af796f9f59cd8ff160fe06a474da40aca03fcc79655ddee1a8b \
    --hash=sha256:07da23d7ee08577760f0a71d67a861019103e4812c87e2fab26b039054594cc5 \
    --hash=sha256:ea2e2f6f801696ad7de8aec061044d6c8c0dd4037608c7cab38a9a4d316bfb11 \
    --hash=sha256:5c54afdcbb0182d06836cc3d1be921e540be3ebdf8b8a51ee3ef987537455f84 \
    --hash=sha256:f2901429da1e645ce548bf9171784c0f74f0718c3f6150ce166be39e4dd66c3e \
    --hash=sha256:c56a1d43b2f9ee4786e4658c7903f05da35b923fb53c11025712562d5cc02753 \
    --hash=sha256:6ee8c39582d2652dcd516d1b879451500f8db3fe3607ce45d7c5957ab2596040 \
    --hash=sha256:0fdf3a3059611f7585a78ee10399a15566356116a4288380921a4b598d807a22 \
    --hash=sha256:146173654d79eb1fc97498b4280c1d3e1e5d58c398fa530905c9ea50ea849b22 \
    --hash=sha256:0a7056921edbdd7560746f4221dca89bb7a3fe457d3d74267995253f46343f15 \
    --hash=sha256:9e4b47ac0f5e749cfc618efdf4726269441014ae1d5583e047b452a32e221920 \
    --hash=sha256:f914c03e6a31deb632e2daa881fe198461f4d06e57ac3d0e05bbcab8eae01945 \
    --hash=sha256:213261f168c5e1d9b7535a67e68b1f59f92398dd17a56d934550837143f79c42 \
    --hash=sha256:218c1b2e17a710e363855594230f44060e2025b05c80d1f0661258142b2add2e \
    --hash=sha256:315f9542011b2c4e1d280e4a20ddcca1761993dda3afc7a73b01235f8641e903 \
    --hash=sha256:1ffc23010330c2ab67fac02781df60998ca8fe759e8efde6f8b756a20599c5de \
    --hash=sha256:2b3778cb38212f52fac9fe913017deea2fdf4eb1a4f8e4cfc6b009a13a6d3fcc \
    --hash=sha256:4b0c7a688944891086ba192e21c5229dea54382f4836a209ff8d0a660fac06be \
    --hash=sha256:747a3d3e98e24597981ca0be0fd922aebd471fa99d0043a3842d00cdcad7ad6a \
    --hash=sha256:86a6b24b19eaebc448dc56b87c4865527855145d851f9fc3891673ff97950540 \
    --hash=sha256:b11a5d918a6216e521c715b02749240fb07ae5a1fefd4b7bf12f833bc8b4fe70 \
    --hash=sha256:68b87753c784d6acb8a25b05cb526c3406913c9d988d51f80adecc2b0775d6aa \
    --hash=sha256:109fa6fede314cc50eed29e6e56c540075e63d922455346f11e4d7a036d2b8cf \
    --hash=sha256:02ced472497b8362c8e902ade23e3300479f4f43e45f4105c85ef43b8db85229 \
    --hash=sha256:6b038cc86b285e4f9fea2ba5ee76e89f21ed1ea898e287dc277a25884f3a7dfe \
    --hash=sha256:7437237c6a66b7ca341e868cda48be24b8701862757426852c9b3186de1da8a2 \
    --hash=sha256:7f41026c1d64043a36fda21d64c5026762d53a77043e73e94b71f0521939cc71 \
    --hash=sha256:482c2f67761868f0108b1743098640fbb2a28a8e15bf3f47ada9fa59d9fe08c3 \
    --hash=sha256:1483fd3358963cc5c1c9b122c80606a3a79ee0875bcac0204149fa09d6ff2727 \
    --hash=sha256:2dec2d1130a9cda5b904696cec33b2cfb451304ba9081eeda7f90f724097300a \
    --hash=sha256:a0eabd0a81625049c5df745209dc7fcef6e2aea7793e5f003ba363610aa0a3ff \
    --hash=sha256:89e043f1d9d341c52bf2af6d02e6adde62e0a46e6755d5eb60dc6e4f0b8aeca2 \
    --hash=sha256:7b1cd427cb0d5f7393c31b7496419da594fe600e6fdc4b105a54f82405e6626c \
    --hash=sha256:51806cfe0279e06ed8500ce19479d757db42a30fd509940b1701be9c86a5ff9a \
    --hash=sha256:ee70d08fd60c9565ba8190f41a46a54096afa0eeb8f76bd66f2c25d3b1b83005 \
    --hash=sha256:8dc2c0395bea8254d8daebc76dcf8eb3a95ec2a46fa6fae5eaccee366bfe02ce \
    --hash=sha256:6ba0d3dcac281aad8a0e5b14c7ed6f9fa89c8612b47939fc94f80b16e2e9bc83 \
    --hash=sha256:6e91cf736959057f7aac7adfc83481e03615a8e8dd5758aa1d95ea69e8931dba \
    --hash=sha256:94d6c3782907b5e40e21cadf94b13b0842ac421192f26b84c45f13f3c9d5dc27 \
    --hash=sha256:c300306673aa0f3ed5ed9372b21867690a17dba38c68c44b287437c362ce486b \
    --hash=sha256:78d9b952e07aed35fe2e1a7ad26e929595412db48535921c5013edc8aa4a35ce \
    --hash=sha256:01220dca0d066d1349bd6a1726856a78f7929f3878f7e2ee83c296c69495309e \
    --hash=sha256:2d9b8d9177afaef80c53c0a9e30fa252ff3036fb1c6494d427c066a4ce6a282f \
    --hash=sha256:20094fc3f21ea0a8669dc4c61ed7fa8263bd37d97d93b90f28fc613371e7a875 \
    --hash=sha256:ace2c2326a319a0bb8a8b0e5b570c764962e95818de9f259ce814ee666603f19 \
    --hash=sha256:92e67a0be1639c251d21e35fe74df6bcc40cba445c2cda7c4a967656733249e2 \
    --hash=sha256:dd5350b55f9fecddc51385463a4f67a5da829bc741e38cf689f38ec9023f54ab \
    --hash=sha256:4c1fefd7e3d00921c44dc9ca80a775af49698bbfd92ea84498e56acffd4c5469 \
    --hash=sha256:71a8dd38fbd2f2319136d4ae855a7078c69c9a38ae06e0c17c73fd70fc6caad8 \
    --hash=sha256:97acf1e1fd66ab53dacd2c35b319d7e548380c2e9e8c54525c6e76d21b1ae3b1 \
    --hash=sha256:68934b242c51eb02907c5b81d138cb977b2129a0a75a8f8b60b01cb8586c7b21 \
    --hash=sha256:b710bc2b8292966b23a6a0121f7a6c51d45d2347edcc75f016ac123b8054d3f2 \
    --hash=sha256:18feb4b93302091b1541221196a2155aa296c363fd233814fa11e181adebc52f \
    --hash=sha256:3eb44520c4724c2e1a57c0af33a379eee41792595023f367ba3952a2d96c2aab \
    --hash=sha256:609251a0ca4770e5a8768ff902aa02bf636339c5a93f9349b48eb1f606f7f3e9 \
    --hash=sha256:516f491c834eb320d6c843156440fe7fc0d50b33e44387fcec5b02f0bc118a4c \
    --hash=sha256:4e109ca30d1edec1ac60cdbe341905dc3b8f55b16855e03a54aaf59e51ec8c6f
python-multipart==0.0.22 \
    --hash=sha256:2b2cd894c83d21bf49d702499531c7bafd057d730c201782048f7945d82de155 \
    --hash=sha256:7340bef99a7e0032613f56dc36027b959fd3b30a787ed62d310e951f7c3a3a58
tiktoken==0.8.0 \
    --hash=sha256:b07e33283463089c81ef1467180e3e00ab00d46c2c4bbcef0acab5f771d6695e \
    --hash=sha256:9269348cb650726f44dd3bbb3f9110ac19a8dcc8f54949ad3ef652ca22a38e21 \
    --hash=sha256:25e13f37bc4ef2d012731e93e0fef21dc3b7aea5bb9009618de9a4026844e560 \
    --hash=sha256:f13d13c981511331eac0d01a59b5df7c0d4060a8be1e378672822213da51e0a2 \
    --hash=sha256:6b2ddbc79a22621ce8b1166afa9f9a888a664a579350dc7c09346a3b5de837d9 \
    --hash=sha256:d8c2d0e5ba6453a290b86cd65fc51fedf247e1ba170191715b049dac1f628005 \
    --hash=sha256:d622d8011e6d6f239297efa42a2657043aaed06c4f68833550cac9e9bc723ef1 \
    --hash=sha256:2efaf6199717b4485031b4d6edb94075e4d79177a172f38dd934d911b588d54a \
    --hash=sha256:5637e425ce1fc49cf716d88df3092048359a4b3bbb7da762840426e937ada06d \
    --hash=sha256:9fb0e352d1dbe15aba082883058b3cce9e48d33101bdaac1eccf66424feb5b47 \
    --hash=sha256:56edfefe896c8f10aba372ab5706b9e3558e78db39dd497c940b47bf228bc419 \
    --hash=sha256:326624128590def898775b722ccc327e90b073714227175ea8febbc920ac0a99 \
    --hash=sha256:881839cfeae051b3628d9823b2e56b5cc93a9e2efb435f4cf15f17dc45f21586 \
    --hash=sha256:fe9399bdc3f29d428f16a2f86c3c8ec20be3eac5f53693ce4980371c3245729b \
    --hash=sha256:9a58deb7075d5b69237a3ff4bb51a726670419db6ea62bdcd8bd80c78497d7ab \
    --hash=sha256:d2908c0d043a7d03ebd80347266b0e58440bdef5564f84f4d29fb235b5df3b04 \
    --hash=sha256:294440d21a2a51e12d4238e68a5972095534fe9878be57d905c476017bff99fc \
    --hash=sha256:d8f3192733ac4d77977432947d563d7e1b310b96497acd3c196c9bddb36ed9db \
    --hash=sha256:02be1666096aff7da6cbd7cdaa8e7917bfed3467cd64b38b1f112e96d3b06a24 \
    --hash=sha256:c94ff53c5c74b535b2cbf431d907fc13c678bbd009ee633a2aca269a04389f9a \
    --hash=sha256:6b231f5e8982c245ee3065cd84a4712d64692348bc609d84467c57b4b72dcbc5 \
    --hash=sha256:4177faa809bd55f699e88c96d9bb4635d22e3f59d635ba6fd9ffedf7150b9953 \
    --hash=sha256:5376b6f8dc4753cd81ead935c5f518fa0fbe7e133d9e25f648d8c4dabdd4bad7 \
    --hash=sha256:18228d624807d66c87acd8f25fc135665617cab220671eb65b50f5d70fa51f69 \
    --hash=sha256:7e17807445f0cf1f25771c9d86496bd8b5c376f7419912519699f3cc4dc5c12e \
    --hash=sha256:886f80bd339578bbdba6ed6d0567a0d5c6cfe198d9e587ba6c447654c65b8edc \
    --hash=sha256:6adc8323016d7758d6de7313527f755b0fc6c72985b7d9291be5d96d73ecd1e1 \
    --hash=sha256:b591fb2b30d6a72121a80be24ec7a0e9eb51c5500ddc7e4c2496516dd5e3816b \
    --hash=sha256:845287b9798e476b4d762c3ebda5102be87ca26e5d2c9854002825d60cdb815d \
    --hash=sha256:1473cfe584252dc3fa62adceb5b1c763c1874e04511b197da4e6de51d6ce5a02 \
    --hash=sha256:9ccbb2740f24542534369c5635cfd9b2b3c2490754a78ac8831d99f89f94eeb2
numpy==1.26.4 \
    --hash=sha256:9ff0f4f29c51e2803569d7a51c2304de5554655a60c5d776e35b4a41413830d0 \
    --hash=sha256:2e4ee3380d6de9c9ec04745830fd9e2eccb3e6cf790d39d7b98ffd19b0dd754a \
    --hash=sha256:d209d8969599b27ad20994c8e41936ee0964e6da07478d6c35016bc386b66ad4 \
    --hash=sha256:ffa75af20b44f8dba823498024771d5ac50620e6915abac414251bd971b4529f \
    --hash=sha256:62b8e4b1e28009ef2846b4c7852046736bab361f7aeadeb6a5b89ebec3c7055a \
    --hash=sha256:a4abb4f9001ad2858e7ac189089c42178fcce737e4169dc61321660f1a96c7d2 \
    --hash=sha256:bfe25acf8b437eb2a8b2d49d443800a5f18508cd811fea3181723922a8a82b07 \
    --hash=sha256:b97fe8060236edf3662adfc2c633f56a08ae30560c56310562cb4f95500022d5 \
    --hash=sha256:4c66707fabe114439db9068ee468c26bbdf909cac0fb58686a42a24de1760c71 \
    --hash=sha256:edd8b5fe47dab091176d21bb6de568acdd906d1887a4584a15a9a96a1dca06ef \
    --hash=sha256:7ab55401287bfec946ced39700c053796e7cc0e3acbef09993a9ad2adba6ca6e \
    --hash=sha256:666dbfb6ec68962c033a450943ded891bed2d54e6755e35e5835d63f4f6931d5 \
    --hash=sha256:96ff0b2ad353d8f990b63294c8986f1ec3cb19d749234014f4e7eb0112ceba5a \
    --hash=sha256:60dedbb91afcbfdc9bc0b1f3f402804070deed7392c23eb7a7f07fa857868e8a \
    --hash=sha256:1af303d6b2210eb850fcf03064d364652b7120803a0b872f5211f5234b399f20 \
    --hash=sha256:cd25bcecc4974d09257ffcd1f098ee778f7834c3ad767fe5db785be9a4aa9cb2 \
    --hash=sha256:b3ce300f3644fb06443ee2222c2201dd3a89ea6040541412b8fa189341847218 \
    --hash=sha256:03a8c78d01d9781b28a6989f6fa1bb2c4f2d51201cf99d3dd875df6fbd96b23b \
    --hash=sha256:9fad7dcb1aac3c7f0584a5a8133e3a43eeb2fe127f47e3632d43d677c66c102b \
    --hash=sha256:675d61ffbfa78604709862923189bad94014bef562cc35cf61d3a07bba02a7ed \
    --hash=sha256:ab47dbe5cc8210f55aa58e4805fe224dac469cde56b9f731a4c098b91917159a \
    --hash=sha256:1dda2e7b4ec9dd512f84935c5f126c8bd8b9f2fc001e9f54af255e8c5f16b0e0 \
    --hash=sha256:50193e430acfc1346175fcbdaa28ffec49947a06918b7b92130744e81e640110 \
    --hash=sha256:08beddf13648eb95f8d867350f6a018a4be2e5ad54c8d8caed89ebca558b2818 \
    --hash=sha256:7349ab0fa0c429c82442a27a9673fc802ffdb7c7775fad780226cb234965e53c \
    --hash=sha256:52b8b60467cd7dd1e9ed082188b4e6bb35aa5cdd01777621a1658910745b90be \
    --hash=sha256:d5241e0a80d808d70546c697135da2c613f30e28251ff8307eb72ba696945764 \
    --hash=sha256:f870204a840a60da0b12273ef34f7051e98c3b5961b61b0c2c1be6dfd64fbcd3 \
    --hash=sha256:679b0076f67ecc0138fd2ede3a8fd196dddc2ad3254069bcb9faf9a79b1cebcd \
    --hash=sha256:47711010ad8555514b434df65f7d7b076bb8261df1ca9bb78f53d3b2db02e95c \
    --hash=sha256:a354325ee03388678242a4d7ebcd08b5c727033fcff3b2f536aea978e15ee9e6 \
    --hash=sha256:3373d5d70a5fe74a2c1bb6d2cfd9609ecf686d47a2d7b1d37a8f3b6bf6003aea \
    --hash=sha256:afedb719a9dcfc7eaf2287b839d8198e06dcd4cb5d276a3df279231138e83d30 \
    --hash=sha256:95a7476c59002f2f6c590b9b7b998306fba6a5aa646b1e22ddfeaf8f78c3a29c \
    --hash=sha256:7e50d0a0cc3189f9cb0aeb3a6a6af18c16f59f004b866cd2be1c14b36134a4a0 \
    --hash=sha256:2a02aba9ed12e4ac4eb3ea9421c420301a0c6460d9830d74a9df87efa4912010
scikit-learn==1.6.1 \
    --hash=sha256:d056391530ccd1e501056160e3c9673b4da4805eb67eb2bdf4e983e1f9c9204e \
    --hash=sha256:0c8d036eb937dbb568c6242fa598d551d88fb4399c0344d95c001980ec1c7d36 \
    --hash=sha256:8634c4bd21a2a813e0a7e3900464e6d593162a29dd35d25bdf0103b3fce60ed5 \
    --hash=sha256:775da975a471c4f6f467725dff0ced5c7ac7bda5e9316b260225b48475279a1b \
    --hash=sha256:8a600c31592bd7dab31e1c61b9bbd6dea1b3433e67d264d17ce1017dbdce8002 \
    --hash=sha256:72abc587c75234935e97d09aa4913a82f7b03ee0b74111dcc2881cba3c5a7b33 \
    --hash=sha256:b3b00cdc8f1317b5f33191df1386c0befd16625f49d979fe77a8d44cae82410d \
    --hash=sha256:dc4765af3386811c3ca21638f63b9cf5ecf66261cc4815c1db3f1e7dc7b79db2 \
    --hash=sha256:25fc636bdaf1cc2f4a124a116312d837148b5e10872147bdaf4887926b8c03d8 \
    --hash=sha256:fa909b1a36e000a03c382aade0bd2063fd5680ff8b8e501660c0f59f021a6415 \
    --hash=sha256:926f207c804104677af4857b2c609940b743d04c4c35ce0ddc8ff4f053cddc1b \
    --hash=sha256:2c2cae262064e6a9b77eee1c8e768fc46aa0b8338c6a8297b9b6759720ec0ff2 \
    --hash=sha256:1061b7c028a8663fb9a1a1baf9317b64a257fcb036dae5c8752b2abef31d136f \
    --hash=sha256:2e69fab4ebfc9c9b580a7a80111b43d214ab06250f8a7ef590a4edf72464dd86 \
    --hash=sha256:70b1d7e85b1c96383f872a519b3375f92f14731e279a7b4c6cfd650cf5dffc52 \
    --hash=sha256:2ffa1e9e25b3d93990e74a4be2c2fc61ee5af85811562f1288d5d055880c4322 \
    --hash=sha256:dc5cf3d68c5a20ad6d571584c0750ec641cc46aeef1c1507be51300e6003a7e1 \
    --hash=sha256:c06beb2e839ecc641366000ca84f3cf6fa9faa1777e29cf0c04be6e4d096a348 \
    --hash=sha256:e8ca8cb270fee8f1f76fa9bfd5c3507d60c6438bbee5687f81042e2bb98e5a97 \
    --hash=sha256:a17c1dea1d56dcda2fac315712f3651a1fea86565b64b48fa1bc090249cbf236 \
    --hash=sha256:6a7aa5f9908f0f28f4edaa6963c0a6183f1911e63a69aa03782f0d924c830a35 \
    --hash=sha256:0650e730afb87402baa88afbf31c07b84c98272622aaba002559b614600ca691 \
    --hash=sha256:3f59fe08dc03ea158605170eb52b22a105f238a5d512c4470ddeca71feae8e5f \
    --hash=sha256:7a1c43c8ec9fde528d664d947dc4c0789be4077a3647f232869f41d9bf50e0fb \
    --hash=sha256:6849dd3234e87f55dce1db34c89a810b489ead832aaf4d4550b7ea85628be6c1 \
    --hash=sha256:e7be3fa5d2eb9be7d77c3734ff1d599151bb523674be9b834e8da6abe132f44e \
    --hash=sha256:44a17798172df1d3c1065e8fcf9019183f06c87609b49a124ebdf57ae6cb0107 \
    --hash=sha256:b8b7a3b86e411e4bce21186e1c180d792f3d99223dcfa3b4f597ecc92fa1a422 \
    --hash=sha256:7a73d457070e3318e32bdb3aa79a8d990474f19035464dfd8bede2883ab5dc3b \
    --hash=sha256:b4fc2525eca2c69a59260f583c56a7557c6ccdf8deafdba6e060f94c1c59738e
aiofiles==23.2.1 \
    --hash=sha256:19297512c647d4b27a2cf7c34caa7e405c0d60b5560618a29a9fe027b18b0107 \
    --hash=sha256:84ec2218d8419404abcb9f0c02df3f34c6e0a68ed41072acfb1cef5cbc29051a
